
Microsoft Visual Studio Solution File, Format Version 12.00
# Visual Studio Version 16
VisualStudioVersion = 16.0.32630.194
MinimumVisualStudioVersion = 10.0.40219.1
Project("{FAE04EC0-301F-11D3-BF4B-00C04F79EFBC}") = "FitScores", "FitScores\FitScores.csproj", "{ECC5D971-0DD4-4FB6-BE99-BFA772EDF682}"
EndProject
Global
	GlobalSection(SolutionConfigurationPlatforms) = preSolution
		Debug|Any CPU = Debug|Any CPU
		Release|Any CPU = Release|Any CPU
	EndGlobalSection
	GlobalSection(ProjectConfigurationPlatforms) = postSolution
		{ECC5D971-0DD4-4FB6-BE99-BFA772EDF682}.Debug|Any CPU.ActiveCfg = Debug|Any CPU
		{ECC5D971-0DD4-4FB6-BE99-BFA772EDF682}.Debug|Any CPU.Build.0 = Debug|Any CPU
		{ECC5D971-0DD4-4FB6-BE99-BFA772EDF682}.Release|Any CPU.ActiveCfg = Release|Any CPU
		{ECC5D971-0DD4-4FB6-BE99-BFA772EDF682}.Release|Any CPU.Build.0 = Release|Any CPU
	EndGlobalSection
	GlobalSection(SolutionProperties) = preSolution
		HideSolutionNode = FALSE
	EndGlobalSection
	GlobalSection(ExtensibilityGlobals) = postSolution
		SolutionGuid = {77C7FCE5-5E07-4157-9CB6-16A05E226666}
	EndGlobalSection
EndGlobal
